
Microsoft Visual Studio Solution File, Format Version 12.00
# Visual Studio Version 17
VisualStudioVersion = 17.8.34525.116
MinimumVisualStudioVersion = 10.0.40219.1
Project("{9A19103F-16F7-4668-BE54-9A1E7A4F7556}") = "PurchaseOrderManagementSystem", "PurchaseOrderManagementSystem\PurchaseOrderManagementSystem.csproj", "{3C5CA2C0-1EDC-4821-98A7-22CC5A3957C9}"
EndProject
Project("{FAE04EC0-301F-11D3-BF4B-00C04F79EFBC}") = "PurchaseOrder.DataAccess", "PurchaseOrder.DataAccess\PurchaseOrder.DataAccess.csproj", "{CB03D324-C761-4F77-9A9B-68A7C354253E}"
EndProject
Project("{FAE04EC0-301F-11D3-BF4B-00C04F79EFBC}") = "PurchaseOrder.Models", "PurchaseOrder.Models\PurchaseOrder.Models.csproj", "{7A7B11EF-FE52-42E9-A2AC-F2C3A13AADAA}"
EndProject
Project("{FAE04EC0-301F-11D3-BF4B-00C04F79EFBC}") = "PurchaseOrder.BusinessLogic", "PurchaseOrder.BusinessLogic\PurchaseOrder.BusinessLogic.csproj", "{0995BA30-9DCC-41C6-9E64-68F3678973B3}"
EndProject
Global
	GlobalSection(SolutionConfigurationPlatforms) = preSolution
		Debug|Any CPU = Debug|Any CPU
		Release|Any CPU = Release|Any CPU
	EndGlobalSection
	GlobalSection(ProjectConfigurationPlatforms) = postSolution
		{3C5CA2C0-1EDC-4821-98A7-22CC5A3957C9}.Debug|Any CPU.ActiveCfg = Debug|Any CPU
		{3C5CA2C0-1EDC-4821-98A7-22CC5A3957C9}.Debug|Any CPU.Build.0 = Debug|Any CPU
		{3C5CA2C0-1EDC-4821-98A7-22CC5A3957C9}.Release|Any CPU.ActiveCfg = Release|Any CPU
		{3C5CA2C0-1EDC-4821-98A7-22CC5A3957C9}.Release|Any CPU.Build.0 = Release|Any CPU
		{CB03D324-C761-4F77-9A9B-68A7C354253E}.Debug|Any CPU.ActiveCfg = Debug|Any CPU
		{CB03D324-C761-4F77-9A9B-68A7C354253E}.Debug|Any CPU.Build.0 = Debug|Any CPU
		{CB03D324-C761-4F77-9A9B-68A7C354253E}.Release|Any CPU.ActiveCfg = Release|Any CPU
		{CB03D324-C761-4F77-9A9B-68A7C354253E}.Release|Any CPU.Build.0 = Release|Any CPU
		{7A7B11EF-FE52-42E9-A2AC-F2C3A13AADAA}.Debug|Any CPU.ActiveCfg = Debug|Any CPU
		{7A7B11EF-FE52-42E9-A2AC-F2C3A13AADAA}.Debug|Any CPU.Build.0 = Debug|Any CPU
		{7A7B11EF-FE52-42E9-A2AC-F2C3A13AADAA}.Release|Any CPU.ActiveCfg = Release|Any CPU
		{7A7B11EF-FE52-42E9-A2AC-F2C3A13AADAA}.Release|Any CPU.Build.0 = Release|Any CPU
		{0995BA30-9DCC-41C6-9E64-68F3678973B3}.Debug|Any CPU.ActiveCfg = Debug|Any CPU
		{0995BA30-9DCC-41C6-9E64-68F3678973B3}.Debug|Any CPU.Build.0 = Debug|Any CPU
		{0995BA30-9DCC-41C6-9E64-68F3678973B3}.Release|Any CPU.ActiveCfg = Release|Any CPU
		{0995BA30-9DCC-41C6-9E64-68F3678973B3}.Release|Any CPU.Build.0 = Release|Any CPU
	EndGlobalSection
	GlobalSection(SolutionProperties) = preSolution
		HideSolutionNode = FALSE
	EndGlobalSection
	GlobalSection(ExtensibilityGlobals) = postSolution
		SolutionGuid = {397AE85A-8334-4037-8B7B-7B8B5E6AFDD9}
	EndGlobalSection
EndGlobal
